
Microsoft Visual Studio Solution File, Format Version 12.00
# Visual Studio Version 16
VisualStudioVersion = 16.0.34407.143
MinimumVisualStudioVersion = 10.0.40219.1
Project("{FAE04EC0-301F-11D3-BF4B-00C04F79EFBC}") = "auzretest", "auzretest\auzretest.csproj", "{48C3315A-36D2-4E09-A1C4-03E25CE196BF}"
EndProject
Global
	GlobalSection(SolutionConfigurationPlatforms) = preSolution
		Debug|Any CPU = Debug|Any CPU
		Release|Any CPU = Release|Any CPU
	EndGlobalSection
	GlobalSection(ProjectConfigurationPlatforms) = postSolution
		{48C3315A-36D2-4E09-A1C4-03E25CE196BF}.Debug|Any CPU.ActiveCfg = Debug|Any CPU
		{48C3315A-36D2-4E09-A1C4-03E25CE196BF}.Debug|Any CPU.Build.0 = Debug|Any CPU
		{48C3315A-36D2-4E09-A1C4-03E25CE196BF}.Release|Any CPU.ActiveCfg = Release|Any CPU
		{48C3315A-36D2-4E09-A1C4-03E25CE196BF}.Release|Any CPU.Build.0 = Release|Any CPU
	EndGlobalSection
	GlobalSection(SolutionProperties) = preSolution
		HideSolutionNode = FALSE
	EndGlobalSection
	GlobalSection(ExtensibilityGlobals) = postSolution
		SolutionGuid = {FA700FE0-E3A0-45BE-A8E1-B5DD42E6C8BD}
	EndGlobalSection
EndGlobal
